github.com/nickwells/errutil.mod v1.2.8 h1:I78YvAKA/7S3mYY2FKjdBBroGxt3FeYy6VaKqxG3XdY=
github.com/nickwells/errutil.mod v1.2.8/go.mod h1:yOhDRtjqu/W01avtC9N29m4IQeTw7dcWU32QtVoKEzY=
github.com/nickwells/pager.mod v1.0.11 h1:actfWhNh1TPtRpMPwJcRvYeuL2iRd+JQ44l+4KKsoJg=
github.com/nickwells/pager.mod v1.0.11/go.mod h1:rRmwJHKd/xaSpi/xqJv7P7IJUtFeoJ9s/8yoJ+mh+tM=
github.com/nickwells/testhelper.mod/v2 v2.1.0 h1:dvY6icCWX8Lx5MOt01P4aC/0olap8ugI44La0W1vags=
github.com/nickwells/testhelper.mod/v2 v2.1.0/go.mod h1:pdhf+XHRINEUH6a0OcwC98ETD3ZluAXKA5xOhC2I2Qk=
github.com/nickwells/twrap.mod v1.4.21 h1:igPW+JepLeldXbttb9ubQXf6ztiNSUnbEEoh2foBXFM=
github.com/nickwells/twrap.mod v1.4.21/go.mod h1:pdRmT2cXwfPDFUQrWmpaAvmf8nrR4XpIt10Jkx5tB8k=
golang.org/x/exp v0.0.0-20230315142452-642cacee5cc0 h1:pVgRXcIictcr+lBQIFeiwuwtDIs4eL21OuM9nyAADmo=
golang.org/x/exp v0.0.0-20230315142452-642cacee5cc0/go.mod h1:CxIveKay+FTh1D0yPZemJVgC/95VzuuOLq5Qi4xnoYc=
golang.org/x/sys v0.6.0 h1:MVltZSvRTcU2ljQOhs94SXPftV6DCNnZViHeQps87pQ=
golang.org/x/sys v0.6.0/go.mod h1:oPkhp1MJrh7nUepCBck5+mAzfO9JrbApNNgaTdGDITg=
golang.org/x/term v0.6.0 h1:clScbb1cHjoCkyRbWwBEUZ5H/tIFu5TAXIqaZD0Gcjw=
golang.org/x/term v0.6.0/go.mod h1:m6U89DPEgQRMq3DNkDClhWw02AUbt2daBVO4cn4Hv9U=
