github.com/nickwells/errutil.mod v1.1.4 h1:rK0Dld5zDIlunV7JmRmOdrhGaO+onXk+5JUvR59Cm4o=
github.com/nickwells/errutil.mod v1.1.4/go.mod h1:4f/j+F68214AUIx750geEtfMsdBZNs6awIeYlM3VNJc=
github.com/nickwells/pager.mod v1.0.0 h1:i54zfDgqGd3b4ZqkeXOjKG6v/W/T96ZsjJbQxrFRjN0=
github.com/nickwells/pager.mod v1.0.0/go.mod h1:wl4YLnlSucvQdGmqDl2NimjGAxsyLEpiheY63boQI7Q=
github.com/nickwells/testhelper.mod v1.15.1 h1:CHOqnYXRXkIUDAv0fubNx220MyKAiFMNmmKD1glFtvU=
github.com/nickwells/testhelper.mod v1.15.1/go.mod h1:Ct/U2PjL0n9hGc+US6uR/s4NxSRI33NM+0ZkrDkG0XI=
github.com/nickwells/twrap.mod v1.4.13 h1:Big+VVxQRWbwufMoA9rHw5wrjN8Nec9/zeo87dM3ALw=
github.com/nickwells/twrap.mod v1.4.13/go.mod h1:U/WQ+bTHs0BsLWHnrmHTwfJaZHnV3QIrq31VKjTgXPo=
golang.org/x/sys v0.0.0-20201119102817-f84b799fce68/go.mod h1:h1NjWce9XRLGQEsW7wpKNCjG9DtNlClVuFLEZdDNbEs=
golang.org/x/sys v0.0.0-20210514084401-e8d321eab015 h1:hZR0X1kPW+nwyJ9xRxqZk1vx5RUObAPBdKVvXPDUH/E=
golang.org/x/sys v0.0.0-20210514084401-e8d321eab015/go.mod h1:oPkhp1MJrh7nUepCBck5+mAzfO9JrbApNNgaTdGDITg=
golang.org/x/term v0.0.0-20210503060354-a79de5458b56 h1:b8jxX3zqjpqb2LklXPzKSGJhzyxCOZSz8ncv8Nv+y7w=
golang.org/x/term v0.0.0-20210503060354-a79de5458b56/go.mod h1:tfny5GFUkzUvx4ps4ajbZsCe5lw1metzhBm9T3x7oIY=
